
Microsoft Visual Studio Solution File, Format Version 12.00
# Visual Studio Version 17
VisualStudioVersion = 17.9.34728.123
MinimumVisualStudioVersion = 10.0.40219.1
Project("{FAE04EC0-301F-11D3-BF4B-00C04F79EFBC}") = "10LabDll", "10LabDll.csproj", "{167C7A99-1B88-46C4-883B-2AF9EFD8108E}"
EndProject
Global
	GlobalSection(SolutionConfigurationPlatforms) = preSolution
		Debug|Any CPU = Debug|Any CPU
		Release|Any CPU = Release|Any CPU
	EndGlobalSection
	GlobalSection(ProjectConfigurationPlatforms) = postSolution
		{167C7A99-1B88-46C4-883B-2AF9EFD8108E}.Debug|Any CPU.ActiveCfg = Debug|Any CPU
		{167C7A99-1B88-46C4-883B-2AF9EFD8108E}.Debug|Any CPU.Build.0 = Debug|Any CPU
		{167C7A99-1B88-46C4-883B-2AF9EFD8108E}.Release|Any CPU.ActiveCfg = Release|Any CPU
		{167C7A99-1B88-46C4-883B-2AF9EFD8108E}.Release|Any CPU.Build.0 = Release|Any CPU
	EndGlobalSection
	GlobalSection(SolutionProperties) = preSolution
		HideSolutionNode = FALSE
	EndGlobalSection
	GlobalSection(ExtensibilityGlobals) = postSolution
		SolutionGuid = {09E86D02-86C2-4E6E-B99B-F1A322D61134}
	EndGlobalSection
EndGlobal
