
Microsoft Visual Studio Solution File, Format Version 12.00
# Visual Studio Version 17
VisualStudioVersion = 17.9.34728.123
MinimumVisualStudioVersion = 10.0.40219.1
Project("{FAE04EC0-301F-11D3-BF4B-00C04F79EFBC}") = "Лабораторная 14", "Лабораторная 14.csproj", "{A2EB8071-70CE-40AD-BCC2-984DD3E3FA88}"
EndProject
Project("{FAE04EC0-301F-11D3-BF4B-00C04F79EFBC}") = "Laba14Tests", "..\Laba14Tests\Laba14Tests.csproj", "{7E5ABEAE-259E-4B07-9FE0-858397920621}"
EndProject
Global
	GlobalSection(SolutionConfigurationPlatforms) = preSolution
		Debug|Any CPU = Debug|Any CPU
		Release|Any CPU = Release|Any CPU
	EndGlobalSection
	GlobalSection(ProjectConfigurationPlatforms) = postSolution
		{A2EB8071-70CE-40AD-BCC2-984DD3E3FA88}.Debug|Any CPU.ActiveCfg = Debug|Any CPU
		{A2EB8071-70CE-40AD-BCC2-984DD3E3FA88}.Debug|Any CPU.Build.0 = Debug|Any CPU
		{A2EB8071-70CE-40AD-BCC2-984DD3E3FA88}.Release|Any CPU.ActiveCfg = Release|Any CPU
		{A2EB8071-70CE-40AD-BCC2-984DD3E3FA88}.Release|Any CPU.Build.0 = Release|Any CPU
		{7E5ABEAE-259E-4B07-9FE0-858397920621}.Debug|Any CPU.ActiveCfg = Debug|Any CPU
		{7E5ABEAE-259E-4B07-9FE0-858397920621}.Debug|Any CPU.Build.0 = Debug|Any CPU
		{7E5ABEAE-259E-4B07-9FE0-858397920621}.Release|Any CPU.ActiveCfg = Release|Any CPU
		{7E5ABEAE-259E-4B07-9FE0-858397920621}.Release|Any CPU.Build.0 = Release|Any CPU
	EndGlobalSection
	GlobalSection(SolutionProperties) = preSolution
		HideSolutionNode = FALSE
	EndGlobalSection
	GlobalSection(ExtensibilityGlobals) = postSolution
		SolutionGuid = {095BCCA7-CA9C-41CC-9C4B-F1A2311567FE}
	EndGlobalSection
EndGlobal
